{
  "projects": [
    {
      "projectId": "qiZ2mPnXCD1e8GjuNsh8za",
      "version": "latest",
      "dependencies": {},
      "lang": "ts",
      "fileLocks": [
        {
          "type": "globalVariant",
          "assetId": "3udJiHyBpvcv",
          "checksum": "6fc0ffe083d56dabe2ab66fa84b5dd3b"
        },
        {
          "type": "renderModule",
          "assetId": "Ppvrikp7wn0e",
          "checksum": "3c34743bce350edf4f7e08be85abf7d2"
        },
        {
          "type": "cssRules",
          "assetId": "Ppvrikp7wn0e",
          "checksum": "3c34743bce350edf4f7e08be85abf7d2"
        },
        {
          "assetId": "qiZ2mPnXCD1e8GjuNsh8za",
          "type": "projectCss",
          "checksum": "9141fa5d48a3ac648fd6b04180dbb351"
        }
      ],
      "codegenVersion": "0.0.1"
    }
  ],
  "cliVersion": "0.1.331"
}
